lockfileVersion: '9.0'

settings:
  autoInstallPeers: true
  excludeLinksFromLockfile: false

importers:

  .:
    dependencies:
      hono:
        specifier: ^4.11.7
        version: 4.11.7
    devDependencies:
      '@hono/zod-validator':
        specifier: ^0.7.6
        version: 0.7.6(hono@4.11.7)(zod@3.25.76)
      '@supabase/supabase-js':
        specifier: ^2.94.1
        version: 2.94.1
      typescript:
        specifier: ^5.0.0
        version: 5.9.3

  packages/shared:
    dependencies:
      zod:
        specifier: ^3.24.1
        version: 3.25.76

packages:

  '@hono/zod-validator@0.7.6':
    resolution: {integrity: sha512-Io1B6d011Gj1KknV4rXYz4le5+5EubcWEU/speUjuw9XMMIaP3n78yXLhjd2A3PXaXaUwEAluOiAyLqhBEJgsw==}
    peerDependencies:
      hono: '>=3.9.0'
      zod: ^3.25.0 || ^4.0.0

  '@supabase/auth-js@2.94.1':
    resolution: {integrity: sha512-Wt/SdmAtNNiqrcBbPlzWojLcE1bQ9OYb8PTaYF6QccFX5JeXZI0sZ01MLNE+E83UK6cK0lw4YznX0D2g08UQng==}
    engines: {node: '>=20.0.0'}

  '@supabase/functions-js@2.94.1':
    resolution: {integrity: sha512-A7Bx0gnclDNZ4m8+mnO2IEEzMxtUSg7cpPEBF6Ek1LpjIQkC7vvoidiV/RuntnKX43IiVcWV1f2FsAppMagEmQ==}
    engines: {node: '>=20.0.0'}

  '@supabase/postgrest-js@2.94.1':
    resolution: {integrity: sha512-N6MTghjHnMZddT48rAj8dIFgedCU97cc1ahQM74Tc+DF4UH7y2+iEfdYV3unJsylpaiWlu92Fy8Lj14Jbrmxog==}
    engines: {node: '>=20.0.0'}

  '@supabase/realtime-js@2.94.1':
    resolution: {integrity: sha512-Wq8olpCAGmN4y2DH2kUdlcakdzNHRCde72BFS8zK5ub46bBeSUoE9DqrfeNFWKaF2gCE/cmK8aTUTorZD9jdtQ==}
    engines: {node: '>=20.0.0'}

  '@supabase/storage-js@2.94.1':
    resolution: {integrity: sha512-/Mi18LGyrugPwtfqETfAqEGcBQotY/7IMsTGYgEFdqr8cQq280BVQWjN2wI9KibWtshPp0Ryvil5Uzd5YfM7kA==}
    engines: {node: '>=20.0.0'}

  '@supabase/supabase-js@2.94.1':
    resolution: {integrity: sha512-87vOY8n3WHB3m+a/KeySj07djOQVuRA5qgX5E7db1eDkaZ1of5M+3t/tv6eYYy4BfqxuHMZuCe5uVrO/oyvoow==}
    engines: {node: '>=20.0.0'}

  '@types/node@25.2.0':
    resolution: {integrity: sha512-DZ8VwRFUNzuqJ5khrvwMXHmvPe+zGayJhr2CDNiKB1WBE1ST8Djl00D0IC4vvNmHMdj6DlbYRIaFE7WHjlDl5w==}

  '@types/phoenix@1.6.7':
    resolution: {integrity: sha512-oN9ive//QSBkf19rfDv45M7eZPi0eEXylht2OLEXicu5b4KoQ1OzXIw+xDSGWxSxe1JmepRR/ZH283vsu518/Q==}

  '@types/ws@8.18.1':
    resolution: {integrity: sha512-ThVF6DCVhA8kUGy+aazFQ4kXQ7E1Ty7A3ypFOe0IcJV8O/M511G99AW24irKrW56Wt44yG9+ij8FaqoBGkuBXg==}

  hono@4.11.7:
    resolution: {integrity: sha512-l7qMiNee7t82bH3SeyUCt9UF15EVmaBvsppY2zQtrbIhl/yzBTny+YUxsVjSjQ6gaqaeVtZmGocom8TzBlA4Yw==}
    engines: {node: '>=16.9.0'}

  iceberg-js@0.8.1:
    resolution: {integrity: sha512-1dhVQZXhcHje7798IVM+xoo/1ZdVfzOMIc8/rgVSijRK38EDqOJoGula9N/8ZI5RD8QTxNQtK/Gozpr+qUqRRA==}
    engines: {node: '>=20.0.0'}

  tslib@2.8.1:
    resolution: {integrity: sha512-oJFu94HQb+KVduSUQL7wnpmqnfmLsOA/nAh6b6EH0wCEoK0/mPeXU6c3wKDV83MkOuHPRHtSXKKU99IBazS/2w==}

  typescript@5.9.3:
    resolution: {integrity: sha512-jl1vZzPDinLr9eUt3J/t7V6FgNEw9QjvBPdysz9KfQDD41fQrC2Y4vKQdiaUpFT4bXlb1RHhLpp8wtm6M5TgSw==}
    engines: {node: '>=14.17'}
    hasBin: true

  undici-types@7.16.0:
    resolution: {integrity: sha512-Zz+aZWSj8LE6zoxD+xrjh4VfkIG8Ya6LvYkZqtUQGJPZjYl53ypCaUwWqo7eI0x66KBGeRo+mlBEkMSeSZ38Nw==}

  ws@8.19.0:
    resolution: {integrity: sha512-blAT2mjOEIi0ZzruJfIhb3nps74PRWTCz1IjglWEEpQl5XS/UNama6u2/rjFkDDouqr4L67ry+1aGIALViWjDg==}
    engines: {node: '>=10.0.0'}
    peerDependencies:
      bufferutil: ^4.0.1
      utf-8-validate: '>=5.0.2'
    peerDependenciesMeta:
      bufferutil:
        optional: true
      utf-8-validate:
        optional: true

  zod@3.25.76:
    resolution: {integrity: sha512-gzUt/qt81nXsFGKIFcC3YnfEAx5NkunCfnDlvuBSSFS02bcXu4Lmea0AFIUwbLWxWPx3d9p8S5QoaujKcNQxcQ==}

snapshots:

  '@hono/zod-validator@0.7.6(hono@4.11.7)(zod@3.25.76)':
    dependencies:
      hono: 4.11.7
      zod: 3.25.76

  '@supabase/auth-js@2.94.1':
    dependencies:
      tslib: 2.8.1

  '@supabase/functions-js@2.94.1':
    dependencies:
      tslib: 2.8.1

  '@supabase/postgrest-js@2.94.1':
    dependencies:
      tslib: 2.8.1

  '@supabase/realtime-js@2.94.1':
    dependencies:
      '@types/phoenix': 1.6.7
      '@types/ws': 8.18.1
      tslib: 2.8.1
      ws: 8.19.0
    transitivePeerDependencies:
      - bufferutil
      - utf-8-validate

  '@supabase/storage-js@2.94.1':
    dependencies:
      iceberg-js: 0.8.1
      tslib: 2.8.1

  '@supabase/supabase-js@2.94.1':
    dependencies:
      '@supabase/auth-js': 2.94.1
      '@supabase/functions-js': 2.94.1
      '@supabase/postgrest-js': 2.94.1
      '@supabase/realtime-js': 2.94.1
      '@supabase/storage-js': 2.94.1
    transitivePeerDependencies:
      - bufferutil
      - utf-8-validate

  '@types/node@25.2.0':
    dependencies:
      undici-types: 7.16.0

  '@types/phoenix@1.6.7': {}

  '@types/ws@8.18.1':
    dependencies:
      '@types/node': 25.2.0

  hono@4.11.7: {}

  iceberg-js@0.8.1: {}

  tslib@2.8.1: {}

  typescript@5.9.3: {}

  undici-types@7.16.0: {}

  ws@8.19.0: {}

  zod@3.25.76: {}
